
Microsoft Visual Studio Solution File, Format Version 12.00
# Visual Studio Version 16
VisualStudioVersion = 16.0.29728.190
MinimumVisualStudioVersion = 10.0.40219.1
Project("{FAE04EC0-301F-11D3-BF4B-00C04F79EFBC}") = "EnumBeispiel", "EnumBeispiel\EnumBeispiel.csproj", "{1A252917-85DE-4AB1-8EC2-688AD5959068}"
EndProject
Global
	GlobalSection(SolutionConfigurationPlatforms) = preSolution
		Debug|Any CPU = Debug|Any CPU
		Release|Any CPU = Release|Any CPU
	EndGlobalSection
	GlobalSection(ProjectConfigurationPlatforms) = postSolution
		{1A252917-85DE-4AB1-8EC2-688AD5959068}.Debug|Any CPU.ActiveCfg = Debug|Any CPU
		{1A252917-85DE-4AB1-8EC2-688AD5959068}.Debug|Any CPU.Build.0 = Debug|Any CPU
		{1A252917-85DE-4AB1-8EC2-688AD5959068}.Release|Any CPU.ActiveCfg = Release|Any CPU
		{1A252917-85DE-4AB1-8EC2-688AD5959068}.Release|Any CPU.Build.0 = Release|Any CPU
	EndGlobalSection
	GlobalSection(SolutionProperties) = preSolution
		HideSolutionNode = FALSE
	EndGlobalSection
	GlobalSection(ExtensibilityGlobals) = postSolution
		SolutionGuid = {A7494074-5B31-466F-85E5-BA029A268A02}
	EndGlobalSection
EndGlobal
